// !$*UTF8*$!
{
	archiveVersion = 1;
	classes = {
	};
	objectVersion = 56;
	objects = {

/* Begin PBXBuildFile section */
		A190DFD32976EEB00044FFD1 /* AppDelegate.swift in Sources */ = {isa = PBXBuildFile; fileRef = A190DFD22976EEB00044FFD1 /* AppDelegate.swift */; };
		A190DFD52976EEB00044FFD1 /* SceneDelegate.swift in Sources */ = {isa = PBXBuildFile; fileRef = A190DFD42976EEB00044FFD1 /* SceneDelegate.swift */; };
		A190DFD72976EEB00044FFD1 /* LoginViewController.swift in Sources */ = {isa = PBXBuildFile; fileRef = A190DFD62976EEB00044FFD1 /* LoginViewController.swift */; };
		A190DFDA2976EEB00044FFD1 /* Main.storyboard in Resources */ = {isa = PBXBuildFile; fileRef = A190DFD82976EEB00044FFD1 /* Main.storyboard */; };
		A190DFDF2976EEB10044FFD1 /* Assets.xcassets in Resources */ = {isa = PBXBuildFile; fileRef = A190DFDE2976EEB10044FFD1 /* Assets.xcassets */; };
		A190DFE22976EEB10044FFD1 /* LaunchScreen.storyboard in Resources */ = {isa = PBXBuildFile; fileRef = A190DFE02976EEB10044FFD1 /* LaunchScreen.storyboard */; };
		A190DFEA2976EEF10044FFD1 /* GoogleService-Info.plist in Resources */ = {isa = PBXBuildFile; fileRef = A190DFE92976EEF10044FFD1 /* GoogleService-Info.plist */; };
		A190DFF62976F54B0044FFD1 /* RegisterViewController.swift in Sources */ = {isa = PBXBuildFile; fileRef = A190DFF52976F54B0044FFD1 /* RegisterViewController.swift */; };
		A190DFF92976F56C0044FFD1 /* LoginViewModel.swift in Sources */ = {isa = PBXBuildFile; fileRef = A190DFF82976F56C0044FFD1 /* LoginViewModel.swift */; };
		A190DFFB2976F5790044FFD1 /* RegisterViewModel.swift in Sources */ = {isa = PBXBuildFile; fileRef = A190DFFA2976F5790044FFD1 /* RegisterViewModel.swift */; };
		A190DFFE2976F5990044FFD1 /* PostagemModel.swift in Sources */ = {isa = PBXBuildFile; fileRef = A190DFFD2976F5990044FFD1 /* PostagemModel.swift */; };
		A190E0002976F5AA0044FFD1 /* UserModel.swift in Sources */ = {isa = PBXBuildFile; fileRef = A190DFFF2976F5AA0044FFD1 /* UserModel.swift */; };
		A190E0022976F96C0044FFD1 /* AlertModel.swift in Sources */ = {isa = PBXBuildFile; fileRef = A190E0012976F96C0044FFD1 /* AlertModel.swift */; };
		A190E0042976FE670044FFD1 /* HomeViewController.swift in Sources */ = {isa = PBXBuildFile; fileRef = A190E0032976FE670044FFD1 /* HomeViewController.swift */; };
		A190E0062976FE710044FFD1 /* UsersViewController.swift in Sources */ = {isa = PBXBuildFile; fileRef = A190E0052976FE710044FFD1 /* UsersViewController.swift */; };
		A1AA5DFC2978062F0087DE05 /* GetPostViewModel.swift in Sources */ = {isa = PBXBuildFile; fileRef = A1AA5DFB2978062F0087DE05 /* GetPostViewModel.swift */; };
		A1AA5DFE2978063F0087DE05 /* MakePostViewModel.swift in Sources */ = {isa = PBXBuildFile; fileRef = A1AA5DFD2978063F0087DE05 /* MakePostViewModel.swift */; };
		A1AA5E00297806F80087DE05 /* MakePostViewController.swift in Sources */ = {isa = PBXBuildFile; fileRef = A1AA5DFF297806F70087DE05 /* MakePostViewController.swift */; };
		A1AA5E0329780D8B0087DE05 /* FirebaseAuth in Frameworks */ = {isa = PBXBuildFile; productRef = A1AA5E0229780D8B0087DE05 /* FirebaseAuth */; };
		A1AA5E0529780D8B0087DE05 /* FirebaseDatabase in Frameworks */ = {isa = PBXBuildFile; productRef = A1AA5E0429780D8B0087DE05 /* FirebaseDatabase */; };
		A1AA5E0729780D8B0087DE05 /* FirebaseFirestore in Frameworks */ = {isa = PBXBuildFile; productRef = A1AA5E0629780D8B0087DE05 /* FirebaseFirestore */; };
		A1AA5E0929780D8B0087DE05 /* FirebaseStorage in Frameworks */ = {isa = PBXBuildFile; productRef = A1AA5E0829780D8B0087DE05 /* FirebaseStorage */; };
		A1AA5E0B29781B300087DE05 /* MyCellTableViewCell.swift in Sources */ = {isa = PBXBuildFile; fileRef = A1AA5E0A29781B300087DE05 /* MyCellTableViewCell.swift */; };
		A1AA5E0E29781D690087DE05 /* Kingfisher in Frameworks */ = {isa = PBXBuildFile; productRef = A1AA5E0D29781D690087DE05 /* Kingfisher */; };
		A1AA5E102978299B0087DE05 /* UserViewModel.swift in Sources */ = {isa = PBXBuildFile; fileRef = A1AA5E0F2978299B0087DE05 /* UserViewModel.swift */; };
		A1AA5E12297835C10087DE05 /* PostsCollectionViewController.swift in Sources */ = {isa = PBXBuildFile; fileRef = A1AA5E11297835C10087DE05 /* PostsCollectionViewController.swift */; };
		A1AA5E14297835DB0087DE05 /* MyCollectionViewCell.swift in Sources */ = {isa = PBXBuildFile; fileRef = A1AA5E13297835DB0087DE05 /* MyCollectionViewCell.swift */; };
		A1B47CAB2983FAD300DEFC4D /* Router.swift in Sources */ = {isa = PBXBuildFile; fileRef = A1B47CAA2983FAD300DEFC4D /* Router.swift */; };
/* End PBXBuildFile section */

/* Begin PBXFileReference section */
		A190DFCF2976EEB00044FFD1 /* Instagram Clone.app */ = {isa = PBXFileReference; explicitFileType = wrapper.application; includeInIndex = 0; path = "Instagram Clone.app"; sourceTree = BUILT_PRODUCTS_DIR; };
		A190DFD22976EEB00044FFD1 /* AppDelegate.swift */ = {isa = PBXFileReference; lastKnownFileType = sourcecode.swift; path = AppDelegate.swift; sourceTree = "<group>"; };
		A190DFD42976EEB00044FFD1 /* SceneDelegate.swift */ = {isa = PBXFileReference; lastKnownFileType = sourcecode.swift; path = SceneDelegate.swift; sourceTree = "<group>"; };
		A190DFD62976EEB00044FFD1 /* LoginViewController.swift */ = {isa = PBXFileReference; lastKnownFileType = sourcecode.swift; path = LoginViewController.swift; sourceTree = "<group>"; };
		A190DFD92976EEB00044FFD1 /* Base */ = {isa = PBXFileReference; lastKnownFileType = file.storyboard; name = Base; path = Base.lproj/Main.storyboard; sourceTree = "<group>"; };
		A190DFDE2976EEB10044FFD1 /* Assets.xcassets */ = {isa = PBXFileReference; lastKnownFileType = folder.assetcatalog; path = Assets.xcassets; sourceTree = "<group>"; };
		A190DFE12976EEB10044FFD1 /* Base */ = {isa = PBXFileReference; lastKnownFileType = file.storyboard; name = Base; path = Base.lproj/LaunchScreen.storyboard; sourceTree = "<group>"; };
		A190DFE32976EEB10044FFD1 /* Info.plist */ = {isa = PBXFileReference; lastKnownFileType = text.plist.xml; path = Info.plist; sourceTree = "<group>"; };
		A190DFE92976EEF10044FFD1 /* GoogleService-Info.plist */ = {isa = PBXFileReference; fileEncoding = 4; lastKnownFileType = text.plist.xml; path = "GoogleService-Info.plist"; sourceTree = "<group>"; };
		A190DFF52976F54B0044FFD1 /* RegisterViewController.swift */ = {isa = PBXFileReference; lastKnownFileType = sourcecode.swift; path = RegisterViewController.swift; sourceTree = "<group>"; };
		A190DFF82976F56C0044FFD1 /* LoginViewModel.swift */ = {isa = PBXFileReference; lastKnownFileType = sourcecode.swift; path = LoginViewModel.swift; sourceTree = "<group>"; };
		A190DFFA2976F5790044FFD1 /* RegisterViewModel.swift */ = {isa = PBXFileReference; lastKnownFileType = sourcecode.swift; path = RegisterViewModel.swift; sourceTree = "<group>"; };
		A190DFFD2976F5990044FFD1 /* PostagemModel.swift */ = {isa = PBXFileReference; lastKnownFileType = sourcecode.swift; path = PostagemModel.swift; sourceTree = "<group>"; };
		A190DFFF2976F5AA0044FFD1 /* UserModel.swift */ = {isa = PBXFileReference; lastKnownFileType = sourcecode.swift; path = UserModel.swift; sourceTree = "<group>"; };
		A190E0012976F96C0044FFD1 /* AlertModel.swift */ = {isa = PBXFileReference; lastKnownFileType = sourcecode.swift; path = AlertModel.swift; sourceTree = "<group>"; };
		A190E0032976FE670044FFD1 /* HomeViewController.swift */ = {isa = PBXFileReference; lastKnownFileType = sourcecode.swift; path = HomeViewController.swift; sourceTree = "<group>"; };
		A190E0052976FE710044FFD1 /* UsersViewController.swift */ = {isa = PBXFileReference; lastKnownFileType = sourcecode.swift; path = UsersViewController.swift; sourceTree = "<group>"; };
		A1AA5DFB2978062F0087DE05 /* GetPostViewModel.swift */ = {isa = PBXFileReference; lastKnownFileType = sourcecode.swift; path = GetPostViewModel.swift; sourceTree = "<group>"; };
		A1AA5DFD2978063F0087DE05 /* MakePostViewModel.swift */ = {isa = PBXFileReference; lastKnownFileType = sourcecode.swift; path = MakePostViewModel.swift; sourceTree = "<group>"; };
		A1AA5DFF297806F70087DE05 /* MakePostViewController.swift */ = {isa = PBXFileReference; lastKnownFileType = sourcecode.swift; path = MakePostViewController.swift; sourceTree = "<group>"; };
		A1AA5E0A29781B300087DE05 /* MyCellTableViewCell.swift */ = {isa = PBXFileReference; lastKnownFileType = sourcecode.swift; path = MyCellTableViewCell.swift; sourceTree = "<group>"; };
		A1AA5E0F2978299B0087DE05 /* UserViewModel.swift */ = {isa = PBXFileReference; lastKnownFileType = sourcecode.swift; path = UserViewModel.swift; sourceTree = "<group>"; };
		A1AA5E11297835C10087DE05 /* PostsCollectionViewController.swift */ = {isa = PBXFileReference; lastKnownFileType = sourcecode.swift; path = PostsCollectionViewController.swift; sourceTree = "<group>"; };
		A1AA5E13297835DB0087DE05 /* MyCollectionViewCell.swift */ = {isa = PBXFileReference; lastKnownFileType = sourcecode.swift; path = MyCollectionViewCell.swift; sourceTree = "<group>"; };
		A1B47CAA2983FAD300DEFC4D /* Router.swift */ = {isa = PBXFileReference; lastKnownFileType = sourcecode.swift; path = Router.swift; sourceTree = "<group>"; };
/* End PBXFileReference section */

/* Begin PBXFrameworksBuildPhase section */
		A190DFCC2976EEB00044FFD1 /* Frameworks */ = {
			isa = PBXFrameworksBuildPhase;
			buildActionMask = 2147483647;
			files = (
				A1AA5E0529780D8B0087DE05 /* FirebaseDatabase in Frameworks */,
				A1AA5E0929780D8B0087DE05 /* FirebaseStorage in Frameworks */,
				A1AA5E0329780D8B0087DE05 /* FirebaseAuth in Frameworks */,
				A1AA5E0729780D8B0087DE05 /* FirebaseFirestore in Frameworks */,
				A1AA5E0E29781D690087DE05 /* Kingfisher in Frameworks */,
			);
			runOnlyForDeploymentPostprocessing = 0;
		};
/* End PBXFrameworksBuildPhase section */

/* Begin PBXGroup section */
		A190DFC62976EEB00044FFD1 = {
			isa = PBXGroup;
			children = (
				A190DFD12976EEB00044FFD1 /* Instagram Clone */,
				A190DFD02976EEB00044FFD1 /* Products */,
			);
			sourceTree = "<group>";
		};
		A190DFD02976EEB00044FFD1 /* Products */ = {
			isa = PBXGroup;
			children = (
				A190DFCF2976EEB00044FFD1 /* Instagram Clone.app */,
			);
			name = Products;
			sourceTree = "<group>";
		};
		A190DFD12976EEB00044FFD1 /* Instagram Clone */ = {
			isa = PBXGroup;
			children = (
				A1B47CA92983FA8500DEFC4D /* cells */,
				A190DFFC2976F5820044FFD1 /* Models */,
				A190DFF72976F5520044FFD1 /* ViewModel */,
				A190DFF42976F5280044FFD1 /* ViewController */,
				A190DFD22976EEB00044FFD1 /* AppDelegate.swift */,
				A190DFD42976EEB00044FFD1 /* SceneDelegate.swift */,
				A190DFD82976EEB00044FFD1 /* Main.storyboard */,
				A190DFDE2976EEB10044FFD1 /* Assets.xcassets */,
				A190DFE02976EEB10044FFD1 /* LaunchScreen.storyboard */,
				A190DFE32976EEB10044FFD1 /* Info.plist */,
				A190DFE92976EEF10044FFD1 /* GoogleService-Info.plist */,
			);
			path = "Instagram Clone";
			sourceTree = "<group>";
		};
		A190DFF42976F5280044FFD1 /* ViewController */ = {
			isa = PBXGroup;
			children = (
				A190DFD62976EEB00044FFD1 /* LoginViewController.swift */,
				A190DFF52976F54B0044FFD1 /* RegisterViewController.swift */,
				A190E0032976FE670044FFD1 /* HomeViewController.swift */,
				A190E0052976FE710044FFD1 /* UsersViewController.swift */,
				A1AA5DFF297806F70087DE05 /* MakePostViewController.swift */,
				A1AA5E11297835C10087DE05 /* PostsCollectionViewController.swift */,
			);
			path = ViewController;
			sourceTree = "<group>";
		};
		A190DFF72976F5520044FFD1 /* ViewModel */ = {
			isa = PBXGroup;
			children = (
				A190DFF82976F56C0044FFD1 /* LoginViewModel.swift */,
				A190DFFA2976F5790044FFD1 /* RegisterViewModel.swift */,
				A1AA5DFB2978062F0087DE05 /* GetPostViewModel.swift */,
				A1AA5DFD2978063F0087DE05 /* MakePostViewModel.swift */,
				A1AA5E0F2978299B0087DE05 /* UserViewModel.swift */,
				A1B47CAA2983FAD300DEFC4D /* Router.swift */,
			);
			path = ViewModel;
			sourceTree = "<group>";
		};
		A190DFFC2976F5820044FFD1 /* Models */ = {
			isa = PBXGroup;
			children = (
				A190DFFD2976F5990044FFD1 /* PostagemModel.swift */,
				A190DFFF2976F5AA0044FFD1 /* UserModel.swift */,
				A190E0012976F96C0044FFD1 /* AlertModel.swift */,
			);
			path = Models;
			sourceTree = "<group>";
		};
		A1B47CA92983FA8500DEFC4D /* cells */ = {
			isa = PBXGroup;
			children = (
				A1AA5E13297835DB0087DE05 /* MyCollectionViewCell.swift */,
				A1AA5E0A29781B300087DE05 /* MyCellTableViewCell.swift */,
			);
			path = cells;
			sourceTree = "<group>";
		};
/* End PBXGroup section */

/* Begin PBXNativeTarget section */
		A190DFCE2976EEB00044FFD1 /* Instagram Clone */ = {
			isa = PBXNativeTarget;
			buildConfigurationList = A190DFE62976EEB10044FFD1 /* Build configuration list for PBXNativeTarget "Instagram Clone" */;
			buildPhases = (
				A190DFCB2976EEB00044FFD1 /* Sources */,
				A190DFCC2976EEB00044FFD1 /* Frameworks */,
				A190DFCD2976EEB00044FFD1 /* Resources */,
			);
			buildRules = (
			);
			dependencies = (
			);
			name = "Instagram Clone";
			packageProductDependencies = (
				A1AA5E0229780D8B0087DE05 /* FirebaseAuth */,
				A1AA5E0429780D8B0087DE05 /* FirebaseDatabase */,
				A1AA5E0629780D8B0087DE05 /* FirebaseFirestore */,
				A1AA5E0829780D8B0087DE05 /* FirebaseStorage */,
				A1AA5E0D29781D690087DE05 /* Kingfisher */,
			);
			productName = "Instagram Clone";
			productReference = A190DFCF2976EEB00044FFD1 /* Instagram Clone.app */;
			productType = "com.apple.product-type.application";
		};
/* End PBXNativeTarget section */

/* Begin PBXProject section */
		A190DFC72976EEB00044FFD1 /* Project object */ = {
			isa = PBXProject;
			attributes = {
				BuildIndependentTargetsInParallel = 1;
				LastSwiftUpdateCheck = 1420;
				LastUpgradeCheck = 1420;
				TargetAttributes = {
					A190DFCE2976EEB00044FFD1 = {
						CreatedOnToolsVersion = 14.2;
					};
				};
			};
			buildConfigurationList = A190DFCA2976EEB00044FFD1 /* Build configuration list for PBXProject "Instagram Clone" */;
			compatibilityVersion = "Xcode 14.0";
			developmentRegion = en;
			hasScannedForEncodings = 0;
			knownRegions = (
				en,
				Base,
			);
			mainGroup = A190DFC62976EEB00044FFD1;
			packageReferences = (
				A1AA5E0129780D8B0087DE05 /* XCRemoteSwiftPackageReference "firebase-ios-sdk" */,
				A1AA5E0C29781D690087DE05 /* XCRemoteSwiftPackageReference "Kingfisher" */,
			);
			productRefGroup = A190DFD02976EEB00044FFD1 /* Products */;
			projectDirPath = "";
			projectRoot = "";
			targets = (
				A190DFCE2976EEB00044FFD1 /* Instagram Clone */,
			);
		};
/* End PBXProject section */

/* Begin PBXResourcesBuildPhase section */
		A190DFCD2976EEB00044FFD1 /* Resources */ = {
			isa = PBXResourcesBuildPhase;
			buildActionMask = 2147483647;
			files = (
				A190DFE22976EEB10044FFD1 /* LaunchScreen.storyboard in Resources */,
				A190DFDF2976EEB10044FFD1 /* Assets.xcassets in Resources */,
				A190DFDA2976EEB00044FFD1 /* Main.storyboard in Resources */,
				A190DFEA2976EEF10044FFD1 /* GoogleService-Info.plist in Resources */,
			);
			runOnlyForDeploymentPostprocessing = 0;
		};
/* End PBXResourcesBuildPhase section */

/* Begin PBXSourcesBuildPhase section */
		A190DFCB2976EEB00044FFD1 /* Sources */ = {
			isa = PBXSourcesBuildPhase;
			buildActionMask = 2147483647;
			files = (
				A1AA5DFE2978063F0087DE05 /* MakePostViewModel.swift in Sources */,
				A190DFD72976EEB00044FFD1 /* LoginViewController.swift in Sources */,
				A1AA5E14297835DB0087DE05 /* MyCollectionViewCell.swift in Sources */,
				A190E0062976FE710044FFD1 /* UsersViewController.swift in Sources */,
				A1AA5E0B29781B300087DE05 /* MyCellTableViewCell.swift in Sources */,
				A190DFF62976F54B0044FFD1 /* RegisterViewController.swift in Sources */,
				A190DFFB2976F5790044FFD1 /* RegisterViewModel.swift in Sources */,
				A190DFF92976F56C0044FFD1 /* LoginViewModel.swift in Sources */,
				A190DFD32976EEB00044FFD1 /* AppDelegate.swift in Sources */,
				A190DFD52976EEB00044FFD1 /* SceneDelegate.swift in Sources */,
				A1AA5E102978299B0087DE05 /* UserViewModel.swift in Sources */,
				A1AA5DFC2978062F0087DE05 /* GetPostViewModel.swift in Sources */,
				A1B47CAB2983FAD300DEFC4D /* Router.swift in Sources */,
				A190E0042976FE670044FFD1 /* HomeViewController.swift in Sources */,
				A1AA5E00297806F80087DE05 /* MakePostViewController.swift in Sources */,
				A190E0002976F5AA0044FFD1 /* UserModel.swift in Sources */,
				A190E0022976F96C0044FFD1 /* AlertModel.swift in Sources */,
				A190DFFE2976F5990044FFD1 /* PostagemModel.swift in Sources */,
				A1AA5E12297835C10087DE05 /* PostsCollectionViewController.swift in Sources */,
			);
			runOnlyForDeploymentPostprocessing = 0;
		};
/* End PBXSourcesBuildPhase section */

/* Begin PBXVariantGroup section */
		A190DFD82976EEB00044FFD1 /* Main.storyboard */ = {
			isa = PBXVariantGroup;
			children = (
				A190DFD92976EEB00044FFD1 /* Base */,
			);
			name = Main.storyboard;
			sourceTree = "<group>";
		};
		A190DFE02976EEB10044FFD1 /* LaunchScreen.storyboard */ = {
			isa = PBXVariantGroup;
			children = (
				A190DFE12976EEB10044FFD1 /* Base */,
			);
			name = LaunchScreen.storyboard;
			sourceTree = "<group>";
		};
/* End PBXVariantGroup section */

/* Begin XCBuildConfiguration section */
		A190DFE42976EEB10044FFD1 /* Debug */ = {
			isa = XCBuildConfiguration;
			buildSettings = {
				ALWAYS_SEARCH_USER_PATHS = NO;
				CLANG_ANALYZER_NONNULL = YES;
				CLANG_ANALYZER_NUMBER_OBJECT_CONVERSION = YES_AGGRESSIVE;
				CLANG_CXX_LANGUAGE_STANDARD = "gnu++20";
				CLANG_ENABLE_MODULES = YES;
				CLANG_ENABLE_OBJC_ARC = YES;
				CLANG_ENABLE_OBJC_WEAK = YES;
				CLANG_WARN_BLOCK_CAPTURE_AUTORELEASING = YES;
				CLANG_WARN_BOOL_CONVERSION = YES;
				CLANG_WARN_COMMA = YES;
				CLANG_WARN_CONSTANT_CONVERSION = YES;
				CLANG_WARN_DEPRECATED_OBJC_IMPLEMENTATIONS = YES;
				CLANG_WARN_DIRECT_OBJC_ISA_USAGE = YES_ERROR;
				CLANG_WARN_DOCUMENTATION_COMMENTS = YES;
				CLANG_WARN_EMPTY_BODY = YES;
				CLANG_WARN_ENUM_CONVERSION = YES;
				CLANG_WARN_INFINITE_RECURSION = YES;
				CLANG_WARN_INT_CONVERSION = YES;
				CLANG_WARN_NON_LITERAL_NULL_CONVERSION = YES;
				CLANG_WARN_OBJC_IMPLICIT_RETAIN_SELF = YES;
				CLANG_WARN_OBJC_LITERAL_CONVERSION = YES;
				CLANG_WARN_OBJC_ROOT_CLASS = YES_ERROR;
				CLANG_WARN_QUOTED_INCLUDE_IN_FRAMEWORK_HEADER = YES;
				CLANG_WARN_RANGE_LOOP_ANALYSIS = YES;
				CLANG_WARN_STRICT_PROTOTYPES = YES;
				CLANG_WARN_SUSPICIOUS_MOVE = YES;
				CLANG_WARN_UNGUARDED_AVAILABILITY = YES_AGGRESSIVE;
				CLANG_WARN_UNREACHABLE_CODE = YES;
				CLANG_WARN__DUPLICATE_METHOD_MATCH = YES;
				COPY_PHASE_STRIP = NO;
				DEBUG_INFORMATION_FORMAT = dwarf;
				ENABLE_STRICT_OBJC_MSGSEND = YES;
				ENABLE_TESTABILITY = YES;
				GCC_C_LANGUAGE_STANDARD = gnu11;
				GCC_DYNAMIC_NO_PIC = NO;
				GCC_NO_COMMON_BLOCKS = YES;
				GCC_OPTIMIZATION_LEVEL = 0;
				GCC_PREPROCESSOR_DEFINITIONS = (
					"DEBUG=1",
					"$(inherited)",
				);
				GCC_WARN_64_TO_32_BIT_CONVERSION = YES;
				GCC_WARN_ABOUT_RETURN_TYPE = YES_ERROR;
				GCC_WARN_UNDECLARED_SELECTOR = YES;
				GCC_WARN_UNINITIALIZED_AUTOS = YES_AGGRESSIVE;
				GCC_WARN_UNUSED_FUNCTION = YES;
				GCC_WARN_UNUSED_VARIABLE = YES;
				IPHONEOS_DEPLOYMENT_TARGET = 16.2;
				MTL_ENABLE_DEBUG_INFO = INCLUDE_SOURCE;
				MTL_FAST_MATH = YES;
				ONLY_ACTIVE_ARCH = YES;
				SDKROOT = iphoneos;
				SWIFT_ACTIVE_COMPILATION_CONDITIONS = DEBUG;
				SWIFT_OPTIMIZATION_LEVEL = "-Onone";
			};
			name = Debug;
		};
		A190DFE52976EEB10044FFD1 /* Release */ = {
			isa = XCBuildConfiguration;
			buildSettings = {
				ALWAYS_SEARCH_USER_PATHS = NO;
				CLANG_ANALYZER_NONNULL = YES;
				CLANG_ANALYZER_NUMBER_OBJECT_CONVERSION = YES_AGGRESSIVE;
				CLANG_CXX_LANGUAGE_STANDARD = "gnu++20";
				CLANG_ENABLE_MODULES = YES;
				CLANG_ENABLE_OBJC_ARC = YES;
				CLANG_ENABLE_OBJC_WEAK = YES;
				CLANG_WARN_BLOCK_CAPTURE_AUTORELEASING = YES;
				CLANG_WARN_BOOL_CONVERSION = YES;
				CLANG_WARN_COMMA = YES;
				CLANG_WARN_CONSTANT_CONVERSION = YES;
				CLANG_WARN_DEPRECATED_OBJC_IMPLEMENTATIONS = YES;
				CLANG_WARN_DIRECT_OBJC_ISA_USAGE = YES_ERROR;
				CLANG_WARN_DOCUMENTATION_COMMENTS = YES;
				CLANG_WARN_EMPTY_BODY = YES;
				CLANG_WARN_ENUM_CONVERSION = YES;
				CLANG_WARN_INFINITE_RECURSION = YES;
				CLANG_WARN_INT_CONVERSION = YES;
				CLANG_WARN_NON_LITERAL_NULL_CONVERSION = YES;
				CLANG_WARN_OBJC_IMPLICIT_RETAIN_SELF = YES;
				CLANG_WARN_OBJC_LITERAL_CONVERSION = YES;
				CLANG_WARN_OBJC_ROOT_CLASS = YES_ERROR;
				CLANG_WARN_QUOTED_INCLUDE_IN_FRAMEWORK_HEADER = YES;
				CLANG_WARN_RANGE_LOOP_ANALYSIS = YES;
				CLANG_WARN_STRICT_PROTOTYPES = YES;
				CLANG_WARN_SUSPICIOUS_MOVE = YES;
				CLANG_WARN_UNGUARDED_AVAILABILITY = YES_AGGRESSIVE;
				CLANG_WARN_UNREACHABLE_CODE = YES;
				CLANG_WARN__DUPLICATE_METHOD_MATCH = YES;
				COPY_PHASE_STRIP = NO;
				DEBUG_INFORMATION_FORMAT = "dwarf-with-dsym";
				ENABLE_NS_ASSERTIONS = NO;
				ENABLE_STRICT_OBJC_MSGSEND = YES;
				GCC_C_LANGUAGE_STANDARD = gnu11;
				GCC_NO_COMMON_BLOCKS = YES;
				GCC_WARN_64_TO_32_BIT_CONVERSION = YES;
				GCC_WARN_ABOUT_RETURN_TYPE = YES_ERROR;
				GCC_WARN_UNDECLARED_SELECTOR = YES;
				GCC_WARN_UNINITIALIZED_AUTOS = YES_AGGRESSIVE;
				GCC_WARN_UNUSED_FUNCTION = YES;
				GCC_WARN_UNUSED_VARIABLE = YES;
				IPHONEOS_DEPLOYMENT_TARGET = 16.2;
				MTL_ENABLE_DEBUG_INFO = NO;
				MTL_FAST_MATH = YES;
				SDKROOT = iphoneos;
				SWIFT_COMPILATION_MODE = wholemodule;
				SWIFT_OPTIMIZATION_LEVEL = "-O";
				VALIDATE_PRODUCT = YES;
			};
			name = Release;
		};
		A190DFE72976EEB10044FFD1 /* Debug */ = {
			isa = XCBuildConfiguration;
			buildSettings = {
				ASSETCATALOG_COMPILER_APPICON_NAME = AppIcon;
				ASSETCATALOG_COMPILER_GLOBAL_ACCENT_COLOR_NAME = AccentColor;
				CODE_SIGN_STYLE = Automatic;
				CURRENT_PROJECT_VERSION = 1;
				GENERATE_INFOPLIST_FILE = YES;
				INFOPLIST_FILE = "Instagram Clone/Info.plist";
				INFOPLIST_KEY_UIApplicationSupportsIndirectInputEvents = YES;
				INFOPLIST_KEY_UILaunchStoryboardName = LaunchScreen;
				INFOPLIST_KEY_UIMainStoryboardFile = Main;
				INFOPLIST_KEY_UISupportedInterfaceOrientations_iPad = "UIInterfaceOrientationPortrait UIInterfaceOrientationPortraitUpsideDown UIInterfaceOrientationLandscapeLeft UIInterfaceOrientationLandscapeRight";
				INFOPLIST_KEY_UISupportedInterfaceOrientations_iPhone = "UIInterfaceOrientationPortrait UIInterfaceOrientationLandscapeLeft UIInterfaceOrientationLandscapeRight";
				LD_RUNPATH_SEARCH_PATHS = (
					"$(inherited)",
					"@executable_path/Frameworks",
				);
				MARKETING_VERSION = 1.0;
				PRODUCT_BUNDLE_IDENTIFIER = "Vinicius.Instagram-Clone";
				PRODUCT_NAME = "$(TARGET_NAME)";
				SWIFT_EMIT_LOC_STRINGS = YES;
				SWIFT_VERSION = 5.0;
				TARGETED_DEVICE_FAMILY = "1,2";
			};
			name = Debug;
		};
		A190DFE82976EEB10044FFD1 /* Release */ = {
			isa = XCBuildConfiguration;
			buildSettings = {
				ASSETCATALOG_COMPILER_APPICON_NAME = AppIcon;
				ASSETCATALOG_COMPILER_GLOBAL_ACCENT_COLOR_NAME = AccentColor;
				CODE_SIGN_STYLE = Automatic;
				CURRENT_PROJECT_VERSION = 1;
				GENERATE_INFOPLIST_FILE = YES;
				INFOPLIST_FILE = "Instagram Clone/Info.plist";
				INFOPLIST_KEY_UIApplicationSupportsIndirectInputEvents = YES;
				INFOPLIST_KEY_UILaunchStoryboardName = LaunchScreen;
				INFOPLIST_KEY_UIMainStoryboardFile = Main;
				INFOPLIST_KEY_UISupportedInterfaceOrientations_iPad = "UIInterfaceOrientationPortrait UIInterfaceOrientationPortraitUpsideDown UIInterfaceOrientationLandscapeLeft UIInterfaceOrientationLandscapeRight";
				INFOPLIST_KEY_UISupportedInterfaceOrientations_iPhone = "UIInterfaceOrientationPortrait UIInterfaceOrientationLandscapeLeft UIInterfaceOrientationLandscapeRight";
				LD_RUNPATH_SEARCH_PATHS = (
					"$(inherited)",
					"@executable_path/Frameworks",
				);
				MARKETING_VERSION = 1.0;
				PRODUCT_BUNDLE_IDENTIFIER = "Vinicius.Instagram-Clone";
				PRODUCT_NAME = "$(TARGET_NAME)";
				SWIFT_EMIT_LOC_STRINGS = YES;
				SWIFT_VERSION = 5.0;
				TARGETED_DEVICE_FAMILY = "1,2";
			};
			name = Release;
		};
/* End XCBuildConfiguration section */

/* Begin XCConfigurationList section */
		A190DFCA2976EEB00044FFD1 /* Build configuration list for PBXProject "Instagram Clone" */ = {
			isa = XCConfigurationList;
			buildConfigurations = (
				A190DFE42976EEB10044FFD1 /* Debug */,
				A190DFE52976EEB10044FFD1 /* Release */,
			);
			defaultConfigurationIsVisible = 0;
			defaultConfigurationName = Release;
		};
		A190DFE62976EEB10044FFD1 /* Build configuration list for PBXNativeTarget "Instagram Clone" */ = {
			isa = XCConfigurationList;
			buildConfigurations = (
				A190DFE72976EEB10044FFD1 /* Debug */,
				A190DFE82976EEB10044FFD1 /* Release */,
			);
			defaultConfigurationIsVisible = 0;
			defaultConfigurationName = Release;
		};
/* End XCConfigurationList section */

/* Begin XCRemoteSwiftPackageReference section */
		A1AA5E0129780D8B0087DE05 /* XCRemoteSwiftPackageReference "firebase-ios-sdk" */ = {
			isa = XCRemoteSwiftPackageReference;
			repositoryURL = "https://github.com/firebase/firebase-ios-sdk";
			requirement = {
				branch = master;
				kind = branch;
			};
		};
		A1AA5E0C29781D690087DE05 /* XCRemoteSwiftPackageReference "Kingfisher" */ = {
			isa = XCRemoteSwiftPackageReference;
			repositoryURL = "https://github.com/onevcat/Kingfisher";
			requirement = {
				kind = upToNextMajorVersion;
				minimumVersion = 7.0.0;
			};
		};
/* End XCRemoteSwiftPackageReference section */

/* Begin XCSwiftPackageProductDependency section */
		A1AA5E0229780D8B0087DE05 /* FirebaseAuth */ = {
			isa = XCSwiftPackageProductDependency;
			package = A1AA5E0129780D8B0087DE05 /* XCRemoteSwiftPackageReference "firebase-ios-sdk" */;
			productName = FirebaseAuth;
		};
		A1AA5E0429780D8B0087DE05 /* FirebaseDatabase */ = {
			isa = XCSwiftPackageProductDependency;
			package = A1AA5E0129780D8B0087DE05 /* XCRemoteSwiftPackageReference "firebase-ios-sdk" */;
			productName = FirebaseDatabase;
		};
		A1AA5E0629780D8B0087DE05 /* FirebaseFirestore */ = {
			isa = XCSwiftPackageProductDependency;
			package = A1AA5E0129780D8B0087DE05 /* XCRemoteSwiftPackageReference "firebase-ios-sdk" */;
			productName = FirebaseFirestore;
		};
		A1AA5E0829780D8B0087DE05 /* FirebaseStorage */ = {
			isa = XCSwiftPackageProductDependency;
			package = A1AA5E0129780D8B0087DE05 /* XCRemoteSwiftPackageReference "firebase-ios-sdk" */;
			productName = FirebaseStorage;
		};
		A1AA5E0D29781D690087DE05 /* Kingfisher */ = {
			isa = XCSwiftPackageProductDependency;
			package = A1AA5E0C29781D690087DE05 /* XCRemoteSwiftPackageReference "Kingfisher" */;
			productName = Kingfisher;
		};
/* End XCSwiftPackageProductDependency section */
	};
	rootObject = A190DFC72976EEB00044FFD1 /* Project object */;
}
